
Microsoft Visual Studio Solution File, Format Version 12.00
# Visual Studio Version 17
VisualStudioVersion = 17.0.31903.59
MinimumVisualStudioVersion = 10.0.40219.1
Project("{FAE04EC0-301F-11D3-BF4B-00C04F79EFBC}") = "Backend.Domain", "Backend.Domain\Backend.Domain.csproj", "{202E6A68-86EA-4710-B09B-AC5C2144226B}"
EndProject
Project("{FAE04EC0-301F-11D3-BF4B-00C04F79EFBC}") = "Backend.Application", "Backend.Application\Backend.Application.csproj", "{78ACB5BD-AE03-45DB-9448-4886488A81D3}"
EndProject
Project("{FAE04EC0-301F-11D3-BF4B-00C04F79EFBC}") = "Backend.Infrastructure", "Backend.Infrastructure\Backend.Infrastructure.csproj", "{82E17376-F882-4EC9-B679-C8230C4A9D78}"
EndProject
Project("{FAE04EC0-301F-11D3-BF4B-00C04F79EFBC}") = "Backend.Presentation", "Backend.Presentation\Backend.Presentation.csproj", "{C4BC3A80-2577-46DE-A1CD-EF9B61A6A237}"
EndProject
Project("{FAE04EC0-301F-11D3-BF4B-00C04F79EFBC}") = "Backend.Tests", "Backend.Tests\Backend.Tests.csproj", "{4122703A-A8E4-4075-9BB2-8000A961101E}"
EndProject
Global
	GlobalSection(SolutionConfigurationPlatforms) = preSolution
		Debug|Any CPU = Debug|Any CPU
		Debug|x64 = Debug|x64
		Debug|x86 = Debug|x86
		Release|Any CPU = Release|Any CPU
		Release|x64 = Release|x64
		Release|x86 = Release|x86
	EndGlobalSection
	GlobalSection(ProjectConfigurationPlatforms) = postSolution
		{202E6A68-86EA-4710-B09B-AC5C2144226B}.Debug|Any CPU.ActiveCfg = Debug|Any CPU
		{202E6A68-86EA-4710-B09B-AC5C2144226B}.Debug|Any CPU.Build.0 = Debug|Any CPU
		{202E6A68-86EA-4710-B09B-AC5C2144226B}.Debug|x64.ActiveCfg = Debug|Any CPU
		{202E6A68-86EA-4710-B09B-AC5C2144226B}.Debug|x64.Build.0 = Debug|Any CPU
		{202E6A68-86EA-4710-B09B-AC5C2144226B}.Debug|x86.ActiveCfg = Debug|Any CPU
		{202E6A68-86EA-4710-B09B-AC5C2144226B}.Debug|x86.Build.0 = Debug|Any CPU
		{202E6A68-86EA-4710-B09B-AC5C2144226B}.Release|Any CPU.ActiveCfg = Release|Any CPU
		{202E6A68-86EA-4710-B09B-AC5C2144226B}.Release|Any CPU.Build.0 = Release|Any CPU
		{202E6A68-86EA-4710-B09B-AC5C2144226B}.Release|x64.ActiveCfg = Release|Any CPU
		{202E6A68-86EA-4710-B09B-AC5C2144226B}.Release|x64.Build.0 = Release|Any CPU
		{202E6A68-86EA-4710-B09B-AC5C2144226B}.Release|x86.ActiveCfg = Release|Any CPU
		{202E6A68-86EA-4710-B09B-AC5C2144226B}.Release|x86.Build.0 = Release|Any CPU
		{78ACB5BD-AE03-45DB-9448-4886488A81D3}.Debug|Any CPU.ActiveCfg = Debug|Any CPU
		{78ACB5BD-AE03-45DB-9448-4886488A81D3}.Debug|Any CPU.Build.0 = Debug|Any CPU
		{78ACB5BD-AE03-45DB-9448-4886488A81D3}.Debug|x64.ActiveCfg = Debug|Any CPU
		{78ACB5BD-AE03-45DB-9448-4886488A81D3}.Debug|x64.Build.0 = Debug|Any CPU
		{78ACB5BD-AE03-45DB-9448-4886488A81D3}.Debug|x86.ActiveCfg = Debug|Any CPU
		{78ACB5BD-AE03-45DB-9448-4886488A81D3}.Debug|x86.Build.0 = Debug|Any CPU
		{78ACB5BD-AE03-45DB-9448-4886488A81D3}.Release|Any CPU.ActiveCfg = Release|Any CPU
		{78ACB5BD-AE03-45DB-9448-4886488A81D3}.Release|Any CPU.Build.0 = Release|Any CPU
		{78ACB5BD-AE03-45DB-9448-4886488A81D3}.Release|x64.ActiveCfg = Release|Any CPU
		{78ACB5BD-AE03-45DB-9448-4886488A81D3}.Release|x64.Build.0 = Release|Any CPU
		{78ACB5BD-AE03-45DB-9448-4886488A81D3}.Release|x86.ActiveCfg = Release|Any CPU
		{78ACB5BD-AE03-45DB-9448-4886488A81D3}.Release|x86.Build.0 = Release|Any CPU
		{82E17376-F882-4EC9-B679-C8230C4A9D78}.Debug|Any CPU.ActiveCfg = Debug|Any CPU
		{82E17376-F882-4EC9-B679-C8230C4A9D78}.Debug|Any CPU.Build.0 = Debug|Any CPU
		{82E17376-F882-4EC9-B679-C8230C4A9D78}.Debug|x64.ActiveCfg = Debug|Any CPU
		{82E17376-F882-4EC9-B679-C8230C4A9D78}.Debug|x64.Build.0 = Debug|Any CPU
		{82E17376-F882-4EC9-B679-C8230C4A9D78}.Debug|x86.ActiveCfg = Debug|Any CPU
		{82E17376-F882-4EC9-B679-C8230C4A9D78}.Debug|x86.Build.0 = Debug|Any CPU
		{82E17376-F882-4EC9-B679-C8230C4A9D78}.Release|Any CPU.ActiveCfg = Release|Any CPU
		{82E17376-F882-4EC9-B679-C8230C4A9D78}.Release|Any CPU.Build.0 = Release|Any CPU
		{82E17376-F882-4EC9-B679-C8230C4A9D78}.Release|x64.ActiveCfg = Release|Any CPU
		{82E17376-F882-4EC9-B679-C8230C4A9D78}.Release|x64.Build.0 = Release|Any CPU
		{82E17376-F882-4EC9-B679-C8230C4A9D78}.Release|x86.ActiveCfg = Release|Any CPU
		{82E17376-F882-4EC9-B679-C8230C4A9D78}.Release|x86.Build.0 = Release|Any CPU
		{C4BC3A80-2577-46DE-A1CD-EF9B61A6A237}.Debug|Any CPU.ActiveCfg = Debug|Any CPU
		{C4BC3A80-2577-46DE-A1CD-EF9B61A6A237}.Debug|Any CPU.Build.0 = Debug|Any CPU
		{C4BC3A80-2577-46DE-A1CD-EF9B61A6A237}.Debug|x64.ActiveCfg = Debug|Any CPU
		{C4BC3A80-2577-46DE-A1CD-EF9B61A6A237}.Debug|x64.Build.0 = Debug|Any CPU
		{C4BC3A80-2577-46DE-A1CD-EF9B61A6A237}.Debug|x86.ActiveCfg = Debug|Any CPU
		{C4BC3A80-2577-46DE-A1CD-EF9B61A6A237}.Debug|x86.Build.0 = Debug|Any CPU
		{C4BC3A80-2577-46DE-A1CD-EF9B61A6A237}.Release|Any CPU.ActiveCfg = Release|Any CPU
		{C4BC3A80-2577-46DE-A1CD-EF9B61A6A237}.Release|Any CPU.Build.0 = Release|Any CPU
		{C4BC3A80-2577-46DE-A1CD-EF9B61A6A237}.Release|x64.ActiveCfg = Release|Any CPU
		{C4BC3A80-2577-46DE-A1CD-EF9B61A6A237}.Release|x64.Build.0 = Release|Any CPU
		{C4BC3A80-2577-46DE-A1CD-EF9B61A6A237}.Release|x86.ActiveCfg = Release|Any CPU
		{C4BC3A80-2577-46DE-A1CD-EF9B61A6A237}.Release|x86.Build.0 = Release|Any CPU
		{4122703A-A8E4-4075-9BB2-8000A961101E}.Debug|Any CPU.ActiveCfg = Debug|Any CPU
		{4122703A-A8E4-4075-9BB2-8000A961101E}.Debug|Any CPU.Build.0 = Debug|Any CPU
		{4122703A-A8E4-4075-9BB2-8000A961101E}.Debug|x64.ActiveCfg = Debug|Any CPU
		{4122703A-A8E4-4075-9BB2-8000A961101E}.Debug|x64.Build.0 = Debug|Any CPU
		{4122703A-A8E4-4075-9BB2-8000A961101E}.Debug|x86.ActiveCfg = Debug|Any CPU
		{4122703A-A8E4-4075-9BB2-8000A961101E}.Debug|x86.Build.0 = Debug|Any CPU
		{4122703A-A8E4-4075-9BB2-8000A961101E}.Release|Any CPU.ActiveCfg = Release|Any CPU
		{4122703A-A8E4-4075-9BB2-8000A961101E}.Release|Any CPU.Build.0 = Release|Any CPU
		{4122703A-A8E4-4075-9BB2-8000A961101E}.Release|x64.ActiveCfg = Release|Any CPU
		{4122703A-A8E4-4075-9BB2-8000A961101E}.Release|x64.Build.0 = Release|Any CPU
		{4122703A-A8E4-4075-9BB2-8000A961101E}.Release|x86.ActiveCfg = Release|Any CPU
		{4122703A-A8E4-4075-9BB2-8000A961101E}.Release|x86.Build.0 = Release|Any CPU
	EndGlobalSection
	GlobalSection(SolutionProperties) = preSolution
		HideSolutionNode = FALSE
	EndGlobalSection
EndGlobal
